{
  "pins" : [
    {
      "identity" : "keyboardkitpro",
      "kind" : "remoteSourceControl",
      "location" : "https://github.com/KeyboardKit/KeyboardKitPro.git",
      "state" : {
        "revision" : "f3a8fe77178004961933276a929d5313bae72b34",
        "version" : "8.2.0"
      }
    }
  ],
  "version" : 2
}
